// !$*UTF8*$!
{
	archiveVersion = 1;
	classes = {
	};
	objectVersion = 56;
	objects = {

/* Begin PBXBuildFile section */
		9D10BBCE2A210319000B653E /* PostClassicalReadingText.swift in Sources */ = {isa = PBXBuildFile; fileRef = 9D10BBCD2A210319000B653E /* PostClassicalReadingText.swift */; };
		9D10BBD02A2103A0000B653E /* PostClassicalReadViewController.swift in Sources */ = {isa = PBXBuildFile; fileRef = 9D10BBCF2A2103A0000B653E /* PostClassicalReadViewController.swift */; };
		9D10BBD22A210774000B653E /* PostClassicalVocabularyTableViewController.swift in Sources */ = {isa = PBXBuildFile; fileRef = 9D10BBD12A210774000B653E /* PostClassicalVocabularyTableViewController.swift */; };
		9D10BBD42A210C3D000B653E /* PostClassicalQuizBrain.swift in Sources */ = {isa = PBXBuildFile; fileRef = 9D10BBD32A210C3D000B653E /* PostClassicalQuizBrain.swift */; };
		9D10BBD62A2114E7000B653E /* PostClassicalQuizViewController.swift in Sources */ = {isa = PBXBuildFile; fileRef = 9D10BBD52A2114E7000B653E /* PostClassicalQuizViewController.swift */; };
		9D10BBEE2A2240D7000B653E /* ModernReadingText.swift in Sources */ = {isa = PBXBuildFile; fileRef = 9D10BBED2A2240D7000B653E /* ModernReadingText.swift */; };
		9D10BBF02A22415B000B653E /* ModernQuizBrain.swift in Sources */ = {isa = PBXBuildFile; fileRef = 9D10BBEF2A22415B000B653E /* ModernQuizBrain.swift */; };
		9D10BBF32A2241E0000B653E /* ModernTabController.swift in Sources */ = {isa = PBXBuildFile; fileRef = 9D10BBF22A2241E0000B653E /* ModernTabController.swift */; };
		9D10BBF52A22425C000B653E /* ModernReadViewController.swift in Sources */ = {isa = PBXBuildFile; fileRef = 9D10BBF42A22425C000B653E /* ModernReadViewController.swift */; };
		9D10BBF72A224297000B653E /* ModernVocabularyTableViewController.swift in Sources */ = {isa = PBXBuildFile; fileRef = 9D10BBF62A224297000B653E /* ModernVocabularyTableViewController.swift */; };
		9D10BBF92A2242B4000B653E /* ModernQuizViewController.swift in Sources */ = {isa = PBXBuildFile; fileRef = 9D10BBF82A2242B4000B653E /* ModernQuizViewController.swift */; };
		9D10BBFC2A23911E000B653E /* ContemporaryReadingText.swift in Sources */ = {isa = PBXBuildFile; fileRef = 9D10BBFB2A23911E000B653E /* ContemporaryReadingText.swift */; };
		9D10BBFE2A23913D000B653E /* ContemporaryQuizBrain.swift in Sources */ = {isa = PBXBuildFile; fileRef = 9D10BBFD2A23913D000B653E /* ContemporaryQuizBrain.swift */; };
		9D10BC012A2391C2000B653E /* ContemporaryTabController.swift in Sources */ = {isa = PBXBuildFile; fileRef = 9D10BC002A2391C2000B653E /* ContemporaryTabController.swift */; };
		9D10BC032A2391E0000B653E /* ContemporaryReadViewController.swift in Sources */ = {isa = PBXBuildFile; fileRef = 9D10BC022A2391E0000B653E /* ContemporaryReadViewController.swift */; };
		9D10BC052A239205000B653E /* ContemporaryVocabularyTableViewController.swift in Sources */ = {isa = PBXBuildFile; fileRef = 9D10BC042A239205000B653E /* ContemporaryVocabularyTableViewController.swift */; };
		9D10BC072A239276000B653E /* ContemporaryQuizViewController.swift in Sources */ = {isa = PBXBuildFile; fileRef = 9D10BC062A239276000B653E /* ContemporaryQuizViewController.swift */; };
		9D162D332A1CF2E10023A80D /* ReadViewController.swift in Sources */ = {isa = PBXBuildFile; fileRef = 9D162D322A1CF2E10023A80D /* ReadViewController.swift */; };
		9D162D352A1CF3C00023A80D /* VocabularyTableViewController.swift in Sources */ = {isa = PBXBuildFile; fileRef = 9D162D342A1CF3C00023A80D /* VocabularyTableViewController.swift */; };
		9D162D372A1CF3E90023A80D /* QuizViewController.swift in Sources */ = {isa = PBXBuildFile; fileRef = 9D162D362A1CF3E90023A80D /* QuizViewController.swift */; };
		9D162D392A1D09CF0023A80D /* ReadingText.swift in Sources */ = {isa = PBXBuildFile; fileRef = 9D162D382A1D09CF0023A80D /* ReadingText.swift */; };
		9D162D3C2A1D49130023A80D /* DefinitionViewController.swift in Sources */ = {isa = PBXBuildFile; fileRef = 9D162D3B2A1D49130023A80D /* DefinitionViewController.swift */; };
		9D162D3E2A1E7ED70023A80D /* CustomTabBarController.swift in Sources */ = {isa = PBXBuildFile; fileRef = 9D162D3D2A1E7ED70023A80D /* CustomTabBarController.swift */; };
		9D162D402A1E89B60023A80D /* QuizBrain.swift in Sources */ = {isa = PBXBuildFile; fileRef = 9D162D3F2A1E89B60023A80D /* QuizBrain.swift */; };
		9D162D422A1E8D3C0023A80D /* Question.swift in Sources */ = {isa = PBXBuildFile; fileRef = 9D162D412A1E8D3C0023A80D /* Question.swift */; };
		9D162D4A2A1FBF870023A80D /* VocabularyTerm.swift in Sources */ = {isa = PBXBuildFile; fileRef = 9D162D492A1FBF870023A80D /* VocabularyTerm.swift */; };
		9D162D502A1FD3620023A80D /* AnimatedLaunchViewController.swift in Sources */ = {isa = PBXBuildFile; fileRef = 9D162D4F2A1FD3620023A80D /* AnimatedLaunchViewController.swift */; };
		9D45A9A62A1BB2B8006524DA /* AppDelegate.swift in Sources */ = {isa = PBXBuildFile; fileRef = 9D45A9A52A1BB2B8006524DA /* AppDelegate.swift */; };
		9D45A9A82A1BB2B8006524DA /* SceneDelegate.swift in Sources */ = {isa = PBXBuildFile; fileRef = 9D45A9A72A1BB2B8006524DA /* SceneDelegate.swift */; };
		9D45A9AA2A1BB2B8006524DA /* HomeViewController.swift in Sources */ = {isa = PBXBuildFile; fileRef = 9D45A9A92A1BB2B8006524DA /* HomeViewController.swift */; };
		9D45A9AD2A1BB2B8006524DA /* Main.storyboard in Resources */ = {isa = PBXBuildFile; fileRef = 9D45A9AB2A1BB2B8006524DA /* Main.storyboard */; };
		9D45A9B22A1BB2B9006524DA /* Assets.xcassets in Resources */ = {isa = PBXBuildFile; fileRef = 9D45A9B12A1BB2B9006524DA /* Assets.xcassets */; };
		9D6005862ED79C0800B9DF8B /* GlossaryRowView.swift in Sources */ = {isa = PBXBuildFile; fileRef = 9D6005852ED79C0800B9DF8B /* GlossaryRowView.swift */; };
		9D6009C82EDE1BA300B9DF8B /* QuizContent.swift in Sources */ = {isa = PBXBuildFile; fileRef = 9D6009C72EDE1BA300B9DF8B /* QuizContent.swift */; };
		9D69DF8F2AB617BC002E4CDB /* LaunchScreen.storyboard in Resources */ = {isa = PBXBuildFile; fileRef = 9D69DF8E2AB617BC002E4CDB /* LaunchScreen.storyboard */; };
		9D6BF0F22A20EBA900FA160E /* AncientTabBarController.swift in Sources */ = {isa = PBXBuildFile; fileRef = 9D6BF0F12A20EBA900FA160E /* AncientTabBarController.swift */; };
		9D6BF0F42A20EC1900FA160E /* AncientReadViewController.swift in Sources */ = {isa = PBXBuildFile; fileRef = 9D6BF0F32A20EC1900FA160E /* AncientReadViewController.swift */; };
		9D6BF0F72A20EDEC00FA160E /* AncientReadingText.swift in Sources */ = {isa = PBXBuildFile; fileRef = 9D6BF0F62A20EDEC00FA160E /* AncientReadingText.swift */; };
		9D6BF0F92A20F2D300FA160E /* AncientVocabularyTableViewController.swift in Sources */ = {isa = PBXBuildFile; fileRef = 9D6BF0F82A20F2D300FA160E /* AncientVocabularyTableViewController.swift */; };
		9D6BF0FF2A20F6E200FA160E /* AncientQuizBrain.swift in Sources */ = {isa = PBXBuildFile; fileRef = 9D6BF0FE2A20F6E200FA160E /* AncientQuizBrain.swift */; };
		9D6BF1012A20F8D900FA160E /* AncientQuizViewController.swift in Sources */ = {isa = PBXBuildFile; fileRef = 9D6BF1002A20F8D900FA160E /* AncientQuizViewController.swift */; };
		9D6BF1042A20FFA600FA160E /* PostClassicalTabController.swift in Sources */ = {isa = PBXBuildFile; fileRef = 9D6BF1032A20FFA600FA160E /* PostClassicalTabController.swift */; };
		9DB966D32AD319200067F269 /* CustomAlertView.swift in Sources */ = {isa = PBXBuildFile; fileRef = 9DB966D22AD319200067F269 /* CustomAlertView.swift */; };
		9DF863972ED2404900AB1FB8 /* WorldHistoryRootView.swift in Sources */ = {isa = PBXBuildFile; fileRef = 9DF863962ED2404900AB1FB8 /* WorldHistoryRootView.swift */; };
		9DF8639B2ED240F900AB1FB8 /* HistoryPeriod.swift in Sources */ = {isa = PBXBuildFile; fileRef = 9DF8639A2ED240F900AB1FB8 /* HistoryPeriod.swift */; };
		9DF863A02ED2481A00AB1FB8 /* PeriodToolbarMenuView.swift in Sources */ = {isa = PBXBuildFile; fileRef = 9DF8639F2ED2481A00AB1FB8 /* PeriodToolbarMenuView.swift */; };
		9DF863A22ED249BF00AB1FB8 /* ReadingView.swift in Sources */ = {isa = PBXBuildFile; fileRef = 9DF863A12ED249BF00AB1FB8 /* ReadingView.swift */; };
		9DF863A42ED24A1E00AB1FB8 /* GlossaryView.swift in Sources */ = {isa = PBXBuildFile; fileRef = 9DF863A32ED24A1E00AB1FB8 /* GlossaryView.swift */; };
		9DF863A62ED24C2B00AB1FB8 /* QuizView.swift in Sources */ = {isa = PBXBuildFile; fileRef = 9DF863A52ED24C2B00AB1FB8 /* QuizView.swift */; };
		9DF8646A2ED2579D00AB1FB8 /* Haptic.swift in Sources */ = {isa = PBXBuildFile; fileRef = 9DF864692ED2579D00AB1FB8 /* Haptic.swift */; };
		9DF8646C2ED2603700AB1FB8 /* ReadingContent.swift in Sources */ = {isa = PBXBuildFile; fileRef = 9DF8646B2ED2603700AB1FB8 /* ReadingContent.swift */; };
		9DF8646E2ED262AC00AB1FB8 /* GlossaryContent.swift in Sources */ = {isa = PBXBuildFile; fileRef = 9DF8646D2ED262AC00AB1FB8 /* GlossaryContent.swift */; };
/* End PBXBuildFile section */

/* Begin PBXFileReference section */
		9D10BBCD2A210319000B653E /* PostClassicalReadingText.swift */ = {isa = PBXFileReference; lastKnownFileType = sourcecode.swift; path = PostClassicalReadingText.swift; sourceTree = "<group>"; };
		9D10BBCF2A2103A0000B653E /* PostClassicalReadViewController.swift */ = {isa = PBXFileReference; lastKnownFileType = sourcecode.swift; path = PostClassicalReadViewController.swift; sourceTree = "<group>"; };
		9D10BBD12A210774000B653E /* PostClassicalVocabularyTableViewController.swift */ = {isa = PBXFileReference; lastKnownFileType = sourcecode.swift; path = PostClassicalVocabularyTableViewController.swift; sourceTree = "<group>"; };
		9D10BBD32A210C3D000B653E /* PostClassicalQuizBrain.swift */ = {isa = PBXFileReference; lastKnownFileType = sourcecode.swift; path = PostClassicalQuizBrain.swift; sourceTree = "<group>"; };
		9D10BBD52A2114E7000B653E /* PostClassicalQuizViewController.swift */ = {isa = PBXFileReference; lastKnownFileType = sourcecode.swift; path = PostClassicalQuizViewController.swift; sourceTree = "<group>"; };
		9D10BBED2A2240D7000B653E /* ModernReadingText.swift */ = {isa = PBXFileReference; lastKnownFileType = sourcecode.swift; path = ModernReadingText.swift; sourceTree = "<group>"; };
		9D10BBEF2A22415B000B653E /* ModernQuizBrain.swift */ = {isa = PBXFileReference; lastKnownFileType = sourcecode.swift; path = ModernQuizBrain.swift; sourceTree = "<group>"; };
		9D10BBF22A2241E0000B653E /* ModernTabController.swift */ = {isa = PBXFileReference; lastKnownFileType = sourcecode.swift; path = ModernTabController.swift; sourceTree = "<group>"; };
		9D10BBF42A22425C000B653E /* ModernReadViewController.swift */ = {isa = PBXFileReference; lastKnownFileType = sourcecode.swift; path = ModernReadViewController.swift; sourceTree = "<group>"; };
		9D10BBF62A224297000B653E /* ModernVocabularyTableViewController.swift */ = {isa = PBXFileReference; lastKnownFileType = sourcecode.swift; path = ModernVocabularyTableViewController.swift; sourceTree = "<group>"; };
		9D10BBF82A2242B4000B653E /* ModernQuizViewController.swift */ = {isa = PBXFileReference; lastKnownFileType = sourcecode.swift; path = ModernQuizViewController.swift; sourceTree = "<group>"; };
		9D10BBFB2A23911E000B653E /* ContemporaryReadingText.swift */ = {isa = PBXFileReference; lastKnownFileType = sourcecode.swift; path = ContemporaryReadingText.swift; sourceTree = "<group>"; };
		9D10BBFD2A23913D000B653E /* ContemporaryQuizBrain.swift */ = {isa = PBXFileReference; lastKnownFileType = sourcecode.swift; path = ContemporaryQuizBrain.swift; sourceTree = "<group>"; };
		9D10BC002A2391C2000B653E /* ContemporaryTabController.swift */ = {isa = PBXFileReference; lastKnownFileType = sourcecode.swift; path = ContemporaryTabController.swift; sourceTree = "<group>"; };
		9D10BC022A2391E0000B653E /* ContemporaryReadViewController.swift */ = {isa = PBXFileReference; lastKnownFileType = sourcecode.swift; path = ContemporaryReadViewController.swift; sourceTree = "<group>"; };
		9D10BC042A239205000B653E /* ContemporaryVocabularyTableViewController.swift */ = {isa = PBXFileReference; lastKnownFileType = sourcecode.swift; path = ContemporaryVocabularyTableViewController.swift; sourceTree = "<group>"; };
		9D10BC062A239276000B653E /* ContemporaryQuizViewController.swift */ = {isa = PBXFileReference; lastKnownFileType = sourcecode.swift; path = ContemporaryQuizViewController.swift; sourceTree = "<group>"; };
		9D162D322A1CF2E10023A80D /* ReadViewController.swift */ = {isa = PBXFileReference; lastKnownFileType = sourcecode.swift; path = ReadViewController.swift; sourceTree = "<group>"; };
		9D162D342A1CF3C00023A80D /* VocabularyTableViewController.swift */ = {isa = PBXFileReference; lastKnownFileType = sourcecode.swift; path = VocabularyTableViewController.swift; sourceTree = "<group>"; };
		9D162D362A1CF3E90023A80D /* QuizViewController.swift */ = {isa = PBXFileReference; lastKnownFileType = sourcecode.swift; path = QuizViewController.swift; sourceTree = "<group>"; };
		9D162D382A1D09CF0023A80D /* ReadingText.swift */ = {isa = PBXFileReference; lastKnownFileType = sourcecode.swift; path = ReadingText.swift; sourceTree = "<group>"; };
		9D162D3B2A1D49130023A80D /* DefinitionViewController.swift */ = {isa = PBXFileReference; lastKnownFileType = sourcecode.swift; path = DefinitionViewController.swift; sourceTree = "<group>"; };
		9D162D3D2A1E7ED70023A80D /* CustomTabBarController.swift */ = {isa = PBXFileReference; lastKnownFileType = sourcecode.swift; path = CustomTabBarController.swift; sourceTree = "<group>"; };
		9D162D3F2A1E89B60023A80D /* QuizBrain.swift */ = {isa = PBXFileReference; lastKnownFileType = sourcecode.swift; path = QuizBrain.swift; sourceTree = "<group>"; };
		9D162D412A1E8D3C0023A80D /* Question.swift */ = {isa = PBXFileReference; lastKnownFileType = sourcecode.swift; path = Question.swift; sourceTree = "<group>"; };
		9D162D492A1FBF870023A80D /* VocabularyTerm.swift */ = {isa = PBXFileReference; lastKnownFileType = sourcecode.swift; path = VocabularyTerm.swift; sourceTree = "<group>"; };
		9D162D4F2A1FD3620023A80D /* AnimatedLaunchViewController.swift */ = {isa = PBXFileReference; lastKnownFileType = sourcecode.swift; path = AnimatedLaunchViewController.swift; sourceTree = "<group>"; };
		9D45A9A22A1BB2B8006524DA /* World History.app */ = {isa = PBXFileReference; explicitFileType = wrapper.application; includeInIndex = 0; path = "World History.app"; sourceTree = BUILT_PRODUCTS_DIR; };
		9D45A9A52A1BB2B8006524DA /* AppDelegate.swift */ = {isa = PBXFileReference; lastKnownFileType = sourcecode.swift; path = AppDelegate.swift; sourceTree = "<group>"; };
		9D45A9A72A1BB2B8006524DA /* SceneDelegate.swift */ = {isa = PBXFileReference; lastKnownFileType = sourcecode.swift; path = SceneDelegate.swift; sourceTree = "<group>"; };
		9D45A9A92A1BB2B8006524DA /* HomeViewController.swift */ = {isa = PBXFileReference; lastKnownFileType = sourcecode.swift; path = HomeViewController.swift; sourceTree = "<group>"; };
		9D45A9AC2A1BB2B8006524DA /* Base */ = {isa = PBXFileReference; lastKnownFileType = file.storyboard; name = Base; path = Base.lproj/Main.storyboard; sourceTree = "<group>"; };
		9D45A9B12A1BB2B9006524DA /* Assets.xcassets */ = {isa = PBXFileReference; lastKnownFileType = folder.assetcatalog; path = Assets.xcassets; sourceTree = "<group>"; };
		9D45A9B62A1BB2B9006524DA /* Info.plist */ = {isa = PBXFileReference; lastKnownFileType = text.plist.xml; path = Info.plist; sourceTree = "<group>"; };
		9D6005852ED79C0800B9DF8B /* GlossaryRowView.swift */ = {isa = PBXFileReference; lastKnownFileType = sourcecode.swift; path = GlossaryRowView.swift; sourceTree = "<group>"; };
		9D6009C72EDE1BA300B9DF8B /* QuizContent.swift */ = {isa = PBXFileReference; lastKnownFileType = sourcecode.swift; path = QuizContent.swift; sourceTree = "<group>"; };
		9D69DF8E2AB617BC002E4CDB /* LaunchScreen.storyboard */ = {isa = PBXFileReference; lastKnownFileType = file.storyboard; path = LaunchScreen.storyboard; sourceTree = "<group>"; };
		9D6BF0F12A20EBA900FA160E /* AncientTabBarController.swift */ = {isa = PBXFileReference; lastKnownFileType = sourcecode.swift; path = AncientTabBarController.swift; sourceTree = "<group>"; };
		9D6BF0F32A20EC1900FA160E /* AncientReadViewController.swift */ = {isa = PBXFileReference; lastKnownFileType = sourcecode.swift; path = AncientReadViewController.swift; sourceTree = "<group>"; };
		9D6BF0F62A20EDEC00FA160E /* AncientReadingText.swift */ = {isa = PBXFileReference; lastKnownFileType = sourcecode.swift; path = AncientReadingText.swift; sourceTree = "<group>"; };
		9D6BF0F82A20F2D300FA160E /* AncientVocabularyTableViewController.swift */ = {isa = PBXFileReference; lastKnownFileType = sourcecode.swift; path = AncientVocabularyTableViewController.swift; sourceTree = "<group>"; };
		9D6BF0FE2A20F6E200FA160E /* AncientQuizBrain.swift */ = {isa = PBXFileReference; lastKnownFileType = sourcecode.swift; path = AncientQuizBrain.swift; sourceTree = "<group>"; };
		9D6BF1002A20F8D900FA160E /* AncientQuizViewController.swift */ = {isa = PBXFileReference; lastKnownFileType = sourcecode.swift; path = AncientQuizViewController.swift; sourceTree = "<group>"; };
		9D6BF1032A20FFA600FA160E /* PostClassicalTabController.swift */ = {isa = PBXFileReference; lastKnownFileType = sourcecode.swift; path = PostClassicalTabController.swift; sourceTree = "<group>"; };
		9DB966D22AD319200067F269 /* CustomAlertView.swift */ = {isa = PBXFileReference; lastKnownFileType = sourcecode.swift; path = CustomAlertView.swift; sourceTree = "<group>"; };
		9DF863962ED2404900AB1FB8 /* WorldHistoryRootView.swift */ = {isa = PBXFileReference; lastKnownFileType = sourcecode.swift; path = WorldHistoryRootView.swift; sourceTree = "<group>"; };
		9DF8639A2ED240F900AB1FB8 /* HistoryPeriod.swift */ = {isa = PBXFileReference; lastKnownFileType = sourcecode.swift; path = HistoryPeriod.swift; sourceTree = "<group>"; };
		9DF8639F2ED2481A00AB1FB8 /* PeriodToolbarMenuView.swift */ = {isa = PBXFileReference; lastKnownFileType = sourcecode.swift; path = PeriodToolbarMenuView.swift; sourceTree = "<group>"; };
		9DF863A12ED249BF00AB1FB8 /* ReadingView.swift */ = {isa = PBXFileReference; lastKnownFileType = sourcecode.swift; path = ReadingView.swift; sourceTree = "<group>"; };
		9DF863A32ED24A1E00AB1FB8 /* GlossaryView.swift */ = {isa = PBXFileReference; lastKnownFileType = sourcecode.swift; path = GlossaryView.swift; sourceTree = "<group>"; };
		9DF863A52ED24C2B00AB1FB8 /* QuizView.swift */ = {isa = PBXFileReference; lastKnownFileType = sourcecode.swift; path = QuizView.swift; sourceTree = "<group>"; };
		9DF864692ED2579D00AB1FB8 /* Haptic.swift */ = {isa = PBXFileReference; lastKnownFileType = sourcecode.swift; path = Haptic.swift; sourceTree = "<group>"; };
		9DF8646B2ED2603700AB1FB8 /* ReadingContent.swift */ = {isa = PBXFileReference; lastKnownFileType = sourcecode.swift; path = ReadingContent.swift; sourceTree = "<group>"; };
		9DF8646D2ED262AC00AB1FB8 /* GlossaryContent.swift */ = {isa = PBXFileReference; lastKnownFileType = sourcecode.swift; path = GlossaryContent.swift; sourceTree = "<group>"; };
/* End PBXFileReference section */

/* Begin PBXFrameworksBuildPhase section */
		9D45A99F2A1BB2B8006524DA /* Frameworks */ = {
			isa = PBXFrameworksBuildPhase;
			buildActionMask = 2147483647;
			files = (
			);
			runOnlyForDeploymentPostprocessing = 0;
		};
/* End PBXFrameworksBuildPhase section */

/* Begin PBXGroup section */
		9D10BBCC2A2102DB000B653E /* PostClassical */ = {
			isa = PBXGroup;
			children = (
				9D10BBCD2A210319000B653E /* PostClassicalReadingText.swift */,
				9D10BBD32A210C3D000B653E /* PostClassicalQuizBrain.swift */,
			);
			path = PostClassical;
			sourceTree = "<group>";
		};
		9D10BBEC2A224075000B653E /* Modern */ = {
			isa = PBXGroup;
			children = (
				9D10BBED2A2240D7000B653E /* ModernReadingText.swift */,
				9D10BBEF2A22415B000B653E /* ModernQuizBrain.swift */,
			);
			path = Modern;
			sourceTree = "<group>";
		};
		9D10BBF12A22419D000B653E /* Modern */ = {
			isa = PBXGroup;
			children = (
				9D10BBF22A2241E0000B653E /* ModernTabController.swift */,
				9D10BBF42A22425C000B653E /* ModernReadViewController.swift */,
				9D10BBF62A224297000B653E /* ModernVocabularyTableViewController.swift */,
				9D10BBF82A2242B4000B653E /* ModernQuizViewController.swift */,
			);
			path = Modern;
			sourceTree = "<group>";
		};
		9D10BBFA2A2390CE000B653E /* Contemporary */ = {
			isa = PBXGroup;
			children = (
				9D10BBFB2A23911E000B653E /* ContemporaryReadingText.swift */,
				9D10BBFD2A23913D000B653E /* ContemporaryQuizBrain.swift */,
			);
			path = Contemporary;
			sourceTree = "<group>";
		};
		9D10BBFF2A23914C000B653E /* Contemporary */ = {
			isa = PBXGroup;
			children = (
				9D10BC002A2391C2000B653E /* ContemporaryTabController.swift */,
				9D10BC022A2391E0000B653E /* ContemporaryReadViewController.swift */,
				9D10BC042A239205000B653E /* ContemporaryVocabularyTableViewController.swift */,
				9D10BC062A239276000B653E /* ContemporaryQuizViewController.swift */,
			);
			path = Contemporary;
			sourceTree = "<group>";
		};
		9D162D2C2A1CF2190023A80D /* Controllers */ = {
			isa = PBXGroup;
			children = (
				9D162D4F2A1FD3620023A80D /* AnimatedLaunchViewController.swift */,
				9D45A9A92A1BB2B8006524DA /* HomeViewController.swift */,
				9D162D3B2A1D49130023A80D /* DefinitionViewController.swift */,
				9D162D472A1FB6F90023A80D /* Prehistory */,
				9D6BF0F02A1FE8F900FA160E /* Ancient History */,
				9D6BF1022A20FF5200FA160E /* PostClassical */,
				9D10BBF12A22419D000B653E /* Modern */,
				9D10BBFF2A23914C000B653E /* Contemporary */,
			);
			path = Controllers;
			sourceTree = "<group>";
		};
		9D162D2D2A1CF2390023A80D /* Views */ = {
			isa = PBXGroup;
			children = (
				9D45A9AB2A1BB2B8006524DA /* Main.storyboard */,
				9D69DF8E2AB617BC002E4CDB /* LaunchScreen.storyboard */,
				9DB966D22AD319200067F269 /* CustomAlertView.swift */,
			);
			path = Views;
			sourceTree = "<group>";
		};
		9D162D2F2A1CF27C0023A80D /* Resources */ = {
			isa = PBXGroup;
			children = (
				9D45A9A52A1BB2B8006524DA /* AppDelegate.swift */,
				9D45A9A72A1BB2B8006524DA /* SceneDelegate.swift */,
				9D45A9B12A1BB2B9006524DA /* Assets.xcassets */,
			);
			path = Resources;
			sourceTree = "<group>";
		};
		9D162D3A2A1D0B0C0023A80D /* Models */ = {
			isa = PBXGroup;
			children = (
				9D162D492A1FBF870023A80D /* VocabularyTerm.swift */,
				9D162D412A1E8D3C0023A80D /* Question.swift */,
				9D162D482A1FB7080023A80D /* Prehistory */,
				9D6BF0F52A20EDCA00FA160E /* Ancient History */,
				9D10BBCC2A2102DB000B653E /* PostClassical */,
				9D10BBEC2A224075000B653E /* Modern */,
				9D10BBFA2A2390CE000B653E /* Contemporary */,
			);
			path = Models;
			sourceTree = "<group>";
		};
		9D162D472A1FB6F90023A80D /* Prehistory */ = {
			isa = PBXGroup;
			children = (
				9D162D3D2A1E7ED70023A80D /* CustomTabBarController.swift */,
				9D162D322A1CF2E10023A80D /* ReadViewController.swift */,
				9D162D342A1CF3C00023A80D /* VocabularyTableViewController.swift */,
				9D162D362A1CF3E90023A80D /* QuizViewController.swift */,
			);
			path = Prehistory;
			sourceTree = "<group>";
		};
		9D162D482A1FB7080023A80D /* Prehistory */ = {
			isa = PBXGroup;
			children = (
				9D162D382A1D09CF0023A80D /* ReadingText.swift */,
				9D162D3F2A1E89B60023A80D /* QuizBrain.swift */,
			);
			path = Prehistory;
			sourceTree = "<group>";
		};
		9D45A9992A1BB2B8006524DA = {
			isa = PBXGroup;
			children = (
				9D45A9A42A1BB2B8006524DA /* World History */,
				9D45A9A32A1BB2B8006524DA /* Products */,
			);
			sourceTree = "<group>";
		};
		9D45A9A32A1BB2B8006524DA /* Products */ = {
			isa = PBXGroup;
			children = (
				9D45A9A22A1BB2B8006524DA /* World History.app */,
			);
			name = Products;
			sourceTree = "<group>";
		};
		9D45A9A42A1BB2B8006524DA /* World History */ = {
			isa = PBXGroup;
			children = (
				9DF863952ED2402500AB1FB8 /* SwiftUI */,
				9D162D2F2A1CF27C0023A80D /* Resources */,
				9D162D3A2A1D0B0C0023A80D /* Models */,
				9D162D2D2A1CF2390023A80D /* Views */,
				9D162D2C2A1CF2190023A80D /* Controllers */,
				9D45A9B62A1BB2B9006524DA /* Info.plist */,
			);
			path = "World History";
			sourceTree = "<group>";
		};
		9D6005872ED79E5700B9DF8B /* Glossary */ = {
			isa = PBXGroup;
			children = (
				9DF863A32ED24A1E00AB1FB8 /* GlossaryView.swift */,
				9D6005852ED79C0800B9DF8B /* GlossaryRowView.swift */,
			);
			path = Glossary;
			sourceTree = "<group>";
		};
		9D6BF0F02A1FE8F900FA160E /* Ancient History */ = {
			isa = PBXGroup;
			children = (
				9D6BF0F12A20EBA900FA160E /* AncientTabBarController.swift */,
				9D6BF0F32A20EC1900FA160E /* AncientReadViewController.swift */,
				9D6BF0F82A20F2D300FA160E /* AncientVocabularyTableViewController.swift */,
				9D6BF1002A20F8D900FA160E /* AncientQuizViewController.swift */,
			);
			path = "Ancient History";
			sourceTree = "<group>";
		};
		9D6BF0F52A20EDCA00FA160E /* Ancient History */ = {
			isa = PBXGroup;
			children = (
				9D6BF0F62A20EDEC00FA160E /* AncientReadingText.swift */,
				9D6BF0FE2A20F6E200FA160E /* AncientQuizBrain.swift */,
			);
			path = "Ancient History";
			sourceTree = "<group>";
		};
		9D6BF1022A20FF5200FA160E /* PostClassical */ = {
			isa = PBXGroup;
			children = (
				9D6BF1032A20FFA600FA160E /* PostClassicalTabController.swift */,
				9D10BBCF2A2103A0000B653E /* PostClassicalReadViewController.swift */,
				9D10BBD12A210774000B653E /* PostClassicalVocabularyTableViewController.swift */,
				9D10BBD52A2114E7000B653E /* PostClassicalQuizViewController.swift */,
			);
			path = PostClassical;
			sourceTree = "<group>";
		};
		9DF863952ED2402500AB1FB8 /* SwiftUI */ = {
			isa = PBXGroup;
			children = (
				9DF864682ED2579000AB1FB8 /* Utils */,
				9DF863992ED240E700AB1FB8 /* Models */,
				9DF863982ED2409800AB1FB8 /* Views */,
			);
			path = SwiftUI;
			sourceTree = "<group>";
		};
		9DF863982ED2409800AB1FB8 /* Views */ = {
			isa = PBXGroup;
			children = (
				9DF863962ED2404900AB1FB8 /* WorldHistoryRootView.swift */,
				9DF8639F2ED2481A00AB1FB8 /* PeriodToolbarMenuView.swift */,
				9DF863A12ED249BF00AB1FB8 /* ReadingView.swift */,
				9D6005872ED79E5700B9DF8B /* Glossary */,
				9DF863A52ED24C2B00AB1FB8 /* QuizView.swift */,
			);
			path = Views;
			sourceTree = "<group>";
		};
		9DF863992ED240E700AB1FB8 /* Models */ = {
			isa = PBXGroup;
			children = (
				9DF8639A2ED240F900AB1FB8 /* HistoryPeriod.swift */,
				9DF8646B2ED2603700AB1FB8 /* ReadingContent.swift */,
				9DF8646D2ED262AC00AB1FB8 /* GlossaryContent.swift */,
				9D6009C72EDE1BA300B9DF8B /* QuizContent.swift */,
			);
			path = Models;
			sourceTree = "<group>";
		};
		9DF864682ED2579000AB1FB8 /* Utils */ = {
			isa = PBXGroup;
			children = (
				9DF864692ED2579D00AB1FB8 /* Haptic.swift */,
			);
			path = Utils;
			sourceTree = "<group>";
		};
/* End PBXGroup section */

/* Begin PBXNativeTarget section */
		9D45A9A12A1BB2B8006524DA /* World History */ = {
			isa = PBXNativeTarget;
			buildConfigurationList = 9D45A9B92A1BB2B9006524DA /* Build configuration list for PBXNativeTarget "World History" */;
			buildPhases = (
				9D45A99E2A1BB2B8006524DA /* Sources */,
				9D45A99F2A1BB2B8006524DA /* Frameworks */,
				9D45A9A02A1BB2B8006524DA /* Resources */,
			);
			buildRules = (
			);
			dependencies = (
			);
			name = "World History";
			productName = "World History";
			productReference = 9D45A9A22A1BB2B8006524DA /* World History.app */;
			productType = "com.apple.product-type.application";
		};
/* End PBXNativeTarget section */

/* Begin PBXProject section */
		9D45A99A2A1BB2B8006524DA /* Project object */ = {
			isa = PBXProject;
			attributes = {
				BuildIndependentTargetsInParallel = 1;
				LastSwiftUpdateCheck = 1430;
				LastUpgradeCheck = 1520;
				TargetAttributes = {
					9D45A9A12A1BB2B8006524DA = {
						CreatedOnToolsVersion = 14.3;
					};
				};
			};
			buildConfigurationList = 9D45A99D2A1BB2B8006524DA /* Build configuration list for PBXProject "World History" */;
			compatibilityVersion = "Xcode 14.0";
			developmentRegion = en;
			hasScannedForEncodings = 0;
			knownRegions = (
				en,
				Base,
			);
			mainGroup = 9D45A9992A1BB2B8006524DA;
			productRefGroup = 9D45A9A32A1BB2B8006524DA /* Products */;
			projectDirPath = "";
			projectRoot = "";
			targets = (
				9D45A9A12A1BB2B8006524DA /* World History */,
			);
		};
/* End PBXProject section */

/* Begin PBXResourcesBuildPhase section */
		9D45A9A02A1BB2B8006524DA /* Resources */ = {
			isa = PBXResourcesBuildPhase;
			buildActionMask = 2147483647;
			files = (
				9D69DF8F2AB617BC002E4CDB /* LaunchScreen.storyboard in Resources */,
				9D45A9B22A1BB2B9006524DA /* Assets.xcassets in Resources */,
				9D45A9AD2A1BB2B8006524DA /* Main.storyboard in Resources */,
			);
			runOnlyForDeploymentPostprocessing = 0;
		};
/* End PBXResourcesBuildPhase section */

/* Begin PBXSourcesBuildPhase section */
		9D45A99E2A1BB2B8006524DA /* Sources */ = {
			isa = PBXSourcesBuildPhase;
			buildActionMask = 2147483647;
			files = (
				9D10BBFE2A23913D000B653E /* ContemporaryQuizBrain.swift in Sources */,
				9D6BF1042A20FFA600FA160E /* PostClassicalTabController.swift in Sources */,
				9D6BF0FF2A20F6E200FA160E /* AncientQuizBrain.swift in Sources */,
				9DF863A42ED24A1E00AB1FB8 /* GlossaryView.swift in Sources */,
				9D45A9AA2A1BB2B8006524DA /* HomeViewController.swift in Sources */,
				9DF8646E2ED262AC00AB1FB8 /* GlossaryContent.swift in Sources */,
				9D45A9A62A1BB2B8006524DA /* AppDelegate.swift in Sources */,
				9D162D352A1CF3C00023A80D /* VocabularyTableViewController.swift in Sources */,
				9D162D4A2A1FBF870023A80D /* VocabularyTerm.swift in Sources */,
				9D10BBF92A2242B4000B653E /* ModernQuizViewController.swift in Sources */,
				9D10BBD22A210774000B653E /* PostClassicalVocabularyTableViewController.swift in Sources */,
				9D162D402A1E89B60023A80D /* QuizBrain.swift in Sources */,
				9D6BF0F72A20EDEC00FA160E /* AncientReadingText.swift in Sources */,
				9DF8646C2ED2603700AB1FB8 /* ReadingContent.swift in Sources */,
				9D10BBD42A210C3D000B653E /* PostClassicalQuizBrain.swift in Sources */,
				9DF863A62ED24C2B00AB1FB8 /* QuizView.swift in Sources */,
				9D10BBD02A2103A0000B653E /* PostClassicalReadViewController.swift in Sources */,
				9D6BF1012A20F8D900FA160E /* AncientQuizViewController.swift in Sources */,
				9DB966D32AD319200067F269 /* CustomAlertView.swift in Sources */,
				9DF863972ED2404900AB1FB8 /* WorldHistoryRootView.swift in Sources */,
				9D10BC052A239205000B653E /* ContemporaryVocabularyTableViewController.swift in Sources */,
				9D162D372A1CF3E90023A80D /* QuizViewController.swift in Sources */,
				9D10BBFC2A23911E000B653E /* ContemporaryReadingText.swift in Sources */,
				9DF8646A2ED2579D00AB1FB8 /* Haptic.swift in Sources */,
				9D162D392A1D09CF0023A80D /* ReadingText.swift in Sources */,
				9D6BF0F42A20EC1900FA160E /* AncientReadViewController.swift in Sources */,
				9D10BBF52A22425C000B653E /* ModernReadViewController.swift in Sources */,
				9D162D3E2A1E7ED70023A80D /* CustomTabBarController.swift in Sources */,
				9D162D502A1FD3620023A80D /* AnimatedLaunchViewController.swift in Sources */,
				9D6BF0F22A20EBA900FA160E /* AncientTabBarController.swift in Sources */,
				9DF863A02ED2481A00AB1FB8 /* PeriodToolbarMenuView.swift in Sources */,
				9D10BBF02A22415B000B653E /* ModernQuizBrain.swift in Sources */,
				9D10BBCE2A210319000B653E /* PostClassicalReadingText.swift in Sources */,
				9DF8639B2ED240F900AB1FB8 /* HistoryPeriod.swift in Sources */,
				9D10BC012A2391C2000B653E /* ContemporaryTabController.swift in Sources */,
				9D10BBD62A2114E7000B653E /* PostClassicalQuizViewController.swift in Sources */,
				9D6009C82EDE1BA300B9DF8B /* QuizContent.swift in Sources */,
				9D45A9A82A1BB2B8006524DA /* SceneDelegate.swift in Sources */,
				9D10BBF32A2241E0000B653E /* ModernTabController.swift in Sources */,
				9DF863A22ED249BF00AB1FB8 /* ReadingView.swift in Sources */,
				9D6005862ED79C0800B9DF8B /* GlossaryRowView.swift in Sources */,
				9D162D422A1E8D3C0023A80D /* Question.swift in Sources */,
				9D10BBF72A224297000B653E /* ModernVocabularyTableViewController.swift in Sources */,
				9D162D332A1CF2E10023A80D /* ReadViewController.swift in Sources */,
				9D6BF0F92A20F2D300FA160E /* AncientVocabularyTableViewController.swift in Sources */,
				9D10BC072A239276000B653E /* ContemporaryQuizViewController.swift in Sources */,
				9D10BC032A2391E0000B653E /* ContemporaryReadViewController.swift in Sources */,
				9D162D3C2A1D49130023A80D /* DefinitionViewController.swift in Sources */,
				9D10BBEE2A2240D7000B653E /* ModernReadingText.swift in Sources */,
			);
			runOnlyForDeploymentPostprocessing = 0;
		};
/* End PBXSourcesBuildPhase section */

/* Begin PBXVariantGroup section */
		9D45A9AB2A1BB2B8006524DA /* Main.storyboard */ = {
			isa = PBXVariantGroup;
			children = (
				9D45A9AC2A1BB2B8006524DA /* Base */,
			);
			name = Main.storyboard;
			sourceTree = "<group>";
		};
/* End PBXVariantGroup section */

/* Begin XCBuildConfiguration section */
		9D45A9B72A1BB2B9006524DA /* Debug */ = {
			isa = XCBuildConfiguration;
			buildSettings = {
				ALWAYS_SEARCH_USER_PATHS = NO;
				CLANG_ANALYZER_NONNULL = YES;
				CLANG_ANALYZER_NUMBER_OBJECT_CONVERSION = YES_AGGRESSIVE;
				CLANG_CXX_LANGUAGE_STANDARD = "gnu++20";
				CLANG_ENABLE_MODULES = YES;
				CLANG_ENABLE_OBJC_ARC = YES;
				CLANG_ENABLE_OBJC_WEAK = YES;
				CLANG_WARN_BLOCK_CAPTURE_AUTORELEASING = YES;
				CLANG_WARN_BOOL_CONVERSION = YES;
				CLANG_WARN_COMMA = YES;
				CLANG_WARN_CONSTANT_CONVERSION = YES;
				CLANG_WARN_DEPRECATED_OBJC_IMPLEMENTATIONS = YES;
				CLANG_WARN_DIRECT_OBJC_ISA_USAGE = YES_ERROR;
				CLANG_WARN_DOCUMENTATION_COMMENTS = YES;
				CLANG_WARN_EMPTY_BODY = YES;
				CLANG_WARN_ENUM_CONVERSION = YES;
				CLANG_WARN_INFINITE_RECURSION = YES;
				CLANG_WARN_INT_CONVERSION = YES;
				CLANG_WARN_NON_LITERAL_NULL_CONVERSION = YES;
				CLANG_WARN_OBJC_IMPLICIT_RETAIN_SELF = YES;
				CLANG_WARN_OBJC_LITERAL_CONVERSION = YES;
				CLANG_WARN_OBJC_ROOT_CLASS = YES_ERROR;
				CLANG_WARN_QUOTED_INCLUDE_IN_FRAMEWORK_HEADER = YES;
				CLANG_WARN_RANGE_LOOP_ANALYSIS = YES;
				CLANG_WARN_STRICT_PROTOTYPES = YES;
				CLANG_WARN_SUSPICIOUS_MOVE = YES;
				CLANG_WARN_UNGUARDED_AVAILABILITY = YES_AGGRESSIVE;
				CLANG_WARN_UNREACHABLE_CODE = YES;
				CLANG_WARN__DUPLICATE_METHOD_MATCH = YES;
				COPY_PHASE_STRIP = NO;
				DEBUG_INFORMATION_FORMAT = dwarf;
				ENABLE_STRICT_OBJC_MSGSEND = YES;
				ENABLE_TESTABILITY = YES;
				ENABLE_USER_SCRIPT_SANDBOXING = YES;
				GCC_C_LANGUAGE_STANDARD = gnu11;
				GCC_DYNAMIC_NO_PIC = NO;
				GCC_NO_COMMON_BLOCKS = YES;
				GCC_OPTIMIZATION_LEVEL = 0;
				GCC_PREPROCESSOR_DEFINITIONS = (
					"DEBUG=1",
					"$(inherited)",
				);
				GCC_WARN_64_TO_32_BIT_CONVERSION = YES;
				GCC_WARN_ABOUT_RETURN_TYPE = YES_ERROR;
				GCC_WARN_UNDECLARED_SELECTOR = YES;
				GCC_WARN_UNINITIALIZED_AUTOS = YES_AGGRESSIVE;
				GCC_WARN_UNUSED_FUNCTION = YES;
				GCC_WARN_UNUSED_VARIABLE = YES;
				IPHONEOS_DEPLOYMENT_TARGET = 15.0;
				MTL_ENABLE_DEBUG_INFO = INCLUDE_SOURCE;
				MTL_FAST_MATH = YES;
				ONLY_ACTIVE_ARCH = YES;
				SDKROOT = iphoneos;
				SWIFT_ACTIVE_COMPILATION_CONDITIONS = DEBUG;
				SWIFT_OPTIMIZATION_LEVEL = "-Onone";
			};
			name = Debug;
		};
		9D45A9B82A1BB2B9006524DA /* Release */ = {
			isa = XCBuildConfiguration;
			buildSettings = {
				ALWAYS_SEARCH_USER_PATHS = NO;
				CLANG_ANALYZER_NONNULL = YES;
				CLANG_ANALYZER_NUMBER_OBJECT_CONVERSION = YES_AGGRESSIVE;
				CLANG_CXX_LANGUAGE_STANDARD = "gnu++20";
				CLANG_ENABLE_MODULES = YES;
				CLANG_ENABLE_OBJC_ARC = YES;
				CLANG_ENABLE_OBJC_WEAK = YES;
				CLANG_WARN_BLOCK_CAPTURE_AUTORELEASING = YES;
				CLANG_WARN_BOOL_CONVERSION = YES;
				CLANG_WARN_COMMA = YES;
				CLANG_WARN_CONSTANT_CONVERSION = YES;
				CLANG_WARN_DEPRECATED_OBJC_IMPLEMENTATIONS = YES;
				CLANG_WARN_DIRECT_OBJC_ISA_USAGE = YES_ERROR;
				CLANG_WARN_DOCUMENTATION_COMMENTS = YES;
				CLANG_WARN_EMPTY_BODY = YES;
				CLANG_WARN_ENUM_CONVERSION = YES;
				CLANG_WARN_INFINITE_RECURSION = YES;
				CLANG_WARN_INT_CONVERSION = YES;
				CLANG_WARN_NON_LITERAL_NULL_CONVERSION = YES;
				CLANG_WARN_OBJC_IMPLICIT_RETAIN_SELF = YES;
				CLANG_WARN_OBJC_LITERAL_CONVERSION = YES;
				CLANG_WARN_OBJC_ROOT_CLASS = YES_ERROR;
				CLANG_WARN_QUOTED_INCLUDE_IN_FRAMEWORK_HEADER = YES;
				CLANG_WARN_RANGE_LOOP_ANALYSIS = YES;
				CLANG_WARN_STRICT_PROTOTYPES = YES;
				CLANG_WARN_SUSPICIOUS_MOVE = YES;
				CLANG_WARN_UNGUARDED_AVAILABILITY = YES_AGGRESSIVE;
				CLANG_WARN_UNREACHABLE_CODE = YES;
				CLANG_WARN__DUPLICATE_METHOD_MATCH = YES;
				COPY_PHASE_STRIP = NO;
				DEBUG_INFORMATION_FORMAT = "dwarf-with-dsym";
				ENABLE_NS_ASSERTIONS = NO;
				ENABLE_STRICT_OBJC_MSGSEND = YES;
				ENABLE_USER_SCRIPT_SANDBOXING = YES;
				GCC_C_LANGUAGE_STANDARD = gnu11;
				GCC_NO_COMMON_BLOCKS = YES;
				GCC_WARN_64_TO_32_BIT_CONVERSION = YES;
				GCC_WARN_ABOUT_RETURN_TYPE = YES_ERROR;
				GCC_WARN_UNDECLARED_SELECTOR = YES;
				GCC_WARN_UNINITIALIZED_AUTOS = YES_AGGRESSIVE;
				GCC_WARN_UNUSED_FUNCTION = YES;
				GCC_WARN_UNUSED_VARIABLE = YES;
				IPHONEOS_DEPLOYMENT_TARGET = 15.0;
				MTL_ENABLE_DEBUG_INFO = NO;
				MTL_FAST_MATH = YES;
				SDKROOT = iphoneos;
				SWIFT_COMPILATION_MODE = wholemodule;
				SWIFT_OPTIMIZATION_LEVEL = "-O";
				VALIDATE_PRODUCT = YES;
			};
			name = Release;
		};
		9D45A9BA2A1BB2B9006524DA /* Debug */ = {
			isa = XCBuildConfiguration;
			buildSettings = {
				ASSETCATALOG_COMPILER_APPICON_NAME = AppIcon;
				ASSETCATALOG_COMPILER_GLOBAL_ACCENT_COLOR_NAME = AccentColor;
				CODE_SIGN_STYLE = Automatic;
				CURRENT_PROJECT_VERSION = 4;
				DEVELOPMENT_TEAM = 42VHV36Q58;
				GENERATE_INFOPLIST_FILE = YES;
				INFOPLIST_FILE = "World History/Info.plist";
				INFOPLIST_KEY_CFBundleDisplayName = "World History";
				INFOPLIST_KEY_LSApplicationCategoryType = "public.app-category.education";
				INFOPLIST_KEY_UIApplicationSupportsIndirectInputEvents = YES;
				INFOPLIST_KEY_UILaunchStoryboardName = LaunchScreen;
				INFOPLIST_KEY_UIMainStoryboardFile = Main;
				INFOPLIST_KEY_UISupportedInterfaceOrientations = UIInterfaceOrientationPortrait;
				INFOPLIST_KEY_UISupportedInterfaceOrientations_iPad = "UIInterfaceOrientationLandscapeLeft UIInterfaceOrientationLandscapeRight UIInterfaceOrientationPortrait UIInterfaceOrientationPortraitUpsideDown";
				INFOPLIST_KEY_UIUserInterfaceStyle = Dark;
				IPHONEOS_DEPLOYMENT_TARGET = 16.6;
				LD_RUNPATH_SEARCH_PATHS = (
					"$(inherited)",
					"@executable_path/Frameworks",
				);
				MARKETING_VERSION = 1.0.2;
				PRODUCT_BUNDLE_IDENTIFIER = "com.christopherendress.World-History";
				PRODUCT_NAME = "$(TARGET_NAME)";
				SUPPORTED_PLATFORMS = "iphoneos iphonesimulator";
				SUPPORTS_MACCATALYST = NO;
				SUPPORTS_MAC_DESIGNED_FOR_IPHONE_IPAD = NO;
				SUPPORTS_XR_DESIGNED_FOR_IPHONE_IPAD = NO;
				SWIFT_EMIT_LOC_STRINGS = YES;
				SWIFT_VERSION = 5.0;
				TARGETED_DEVICE_FAMILY = 1;
			};
			name = Debug;
		};
		9D45A9BB2A1BB2B9006524DA /* Release */ = {
			isa = XCBuildConfiguration;
			buildSettings = {
				ASSETCATALOG_COMPILER_APPICON_NAME = AppIcon;
				ASSETCATALOG_COMPILER_GLOBAL_ACCENT_COLOR_NAME = AccentColor;
				CODE_SIGN_STYLE = Automatic;
				CURRENT_PROJECT_VERSION = 4;
				DEVELOPMENT_TEAM = 42VHV36Q58;
				GENERATE_INFOPLIST_FILE = YES;
				INFOPLIST_FILE = "World History/Info.plist";
				INFOPLIST_KEY_CFBundleDisplayName = "World History";
				INFOPLIST_KEY_LSApplicationCategoryType = "public.app-category.education";
				INFOPLIST_KEY_UIApplicationSupportsIndirectInputEvents = YES;
				INFOPLIST_KEY_UILaunchStoryboardName = LaunchScreen;
				INFOPLIST_KEY_UIMainStoryboardFile = Main;
				INFOPLIST_KEY_UISupportedInterfaceOrientations = UIInterfaceOrientationPortrait;
				INFOPLIST_KEY_UISupportedInterfaceOrientations_iPad = "UIInterfaceOrientationLandscapeLeft UIInterfaceOrientationLandscapeRight UIInterfaceOrientationPortrait UIInterfaceOrientationPortraitUpsideDown";
				INFOPLIST_KEY_UIUserInterfaceStyle = Dark;
				IPHONEOS_DEPLOYMENT_TARGET = 16.6;
				LD_RUNPATH_SEARCH_PATHS = (
					"$(inherited)",
					"@executable_path/Frameworks",
				);
				MARKETING_VERSION = 1.0.2;
				PRODUCT_BUNDLE_IDENTIFIER = "com.christopherendress.World-History";
				PRODUCT_NAME = "$(TARGET_NAME)";
				SUPPORTED_PLATFORMS = "iphoneos iphonesimulator";
				SUPPORTS_MACCATALYST = NO;
				SUPPORTS_MAC_DESIGNED_FOR_IPHONE_IPAD = NO;
				SUPPORTS_XR_DESIGNED_FOR_IPHONE_IPAD = NO;
				SWIFT_EMIT_LOC_STRINGS = YES;
				SWIFT_VERSION = 5.0;
				TARGETED_DEVICE_FAMILY = 1;
			};
			name = Release;
		};
/* End XCBuildConfiguration section */

/* Begin XCConfigurationList section */
		9D45A99D2A1BB2B8006524DA /* Build configuration list for PBXProject "World History" */ = {
			isa = XCConfigurationList;
			buildConfigurations = (
				9D45A9B72A1BB2B9006524DA /* Debug */,
				9D45A9B82A1BB2B9006524DA /* Release */,
			);
			defaultConfigurationIsVisible = 0;
			defaultConfigurationName = Release;
		};
		9D45A9B92A1BB2B9006524DA /* Build configuration list for PBXNativeTarget "World History" */ = {
			isa = XCConfigurationList;
			buildConfigurations = (
				9D45A9BA2A1BB2B9006524DA /* Debug */,
				9D45A9BB2A1BB2B9006524DA /* Release */,
			);
			defaultConfigurationIsVisible = 0;
			defaultConfigurationName = Release;
		};
/* End XCConfigurationList section */
	};
	rootObject = 9D45A99A2A1BB2B8006524DA /* Project object */;
}
